// !$*UTF8*$!
{
	archiveVersion = 1;
	classes = {
	};
	objectVersion = 51;
	objects = {

/* Begin PBXBuildFile section */
		7764AAF5975910ED28277D2E /* Pods_Instagram.framework in Frameworks */ = {isa = PBXBuildFile; fileRef = 0E842AF13BB06170C9D5F285 /* Pods_Instagram.framework */; };
		CE8F24A123DD1E1E00149307 /* AppDelegate.swift in Sources */ = {isa = PBXBuildFile; fileRef = CE8F24A023DD1E1E00149307 /* AppDelegate.swift */; };
		CE8F24A323DD1E1E00149307 /* SceneDelegate.swift in Sources */ = {isa = PBXBuildFile; fileRef = CE8F24A223DD1E1E00149307 /* SceneDelegate.swift */; };
		CE8F24A823DD1E1E00149307 /* Main.storyboard in Resources */ = {isa = PBXBuildFile; fileRef = CE8F24A623DD1E1E00149307 /* Main.storyboard */; };
		CE8F24AA23DD1E2300149307 /* Assets.xcassets in Resources */ = {isa = PBXBuildFile; fileRef = CE8F24A923DD1E2300149307 /* Assets.xcassets */; };
		CE8F24AD23DD1E2300149307 /* LaunchScreen.storyboard in Resources */ = {isa = PBXBuildFile; fileRef = CE8F24AB23DD1E2300149307 /* LaunchScreen.storyboard */; };
		CE8F24B523DD1EF700149307 /* LoginViewController.swift in Sources */ = {isa = PBXBuildFile; fileRef = CE8F24B423DD1EF700149307 /* LoginViewController.swift */; };
		CE8F24B723DD1F0F00149307 /* HomeViewController.swift in Sources */ = {isa = PBXBuildFile; fileRef = CE8F24B623DD1F0F00149307 /* HomeViewController.swift */; };
		CE8F24B923DD1F2600149307 /* ImageSelectViewController.swift in Sources */ = {isa = PBXBuildFile; fileRef = CE8F24B823DD1F2600149307 /* ImageSelectViewController.swift */; };
		CE8F24BB23DD1F3C00149307 /* PostViewController.swift in Sources */ = {isa = PBXBuildFile; fileRef = CE8F24BA23DD1F3C00149307 /* PostViewController.swift */; };
		CE8F24BD23DD1F4C00149307 /* SettingViewController.swift in Sources */ = {isa = PBXBuildFile; fileRef = CE8F24BC23DD1F4C00149307 /* SettingViewController.swift */; };
		CE8F24BF23DD27A600149307 /* TabBarController.swift in Sources */ = {isa = PBXBuildFile; fileRef = CE8F24BE23DD27A600149307 /* TabBarController.swift */; };
		CE8F24C123DD2D5F00149307 /* GoogleService-Info.plist in Resources */ = {isa = PBXBuildFile; fileRef = CE8F24C023DD2D5F00149307 /* GoogleService-Info.plist */; };
/* End PBXBuildFile section */

/* Begin PBXFileReference section */
		0E842AF13BB06170C9D5F285 /* Pods_Instagram.framework */ = {isa = PBXFileReference; explicitFileType = wrapper.framework; includeInIndex = 0; path = Pods_Instagram.framework; sourceTree = BUILT_PRODUCTS_DIR; };
		83E4FA149F749E7F98CD9F6B /* Pods-Instagram.debug.xcconfig */ = {isa = PBXFileReference; includeInIndex = 1; lastKnownFileType = text.xcconfig; name = "Pods-Instagram.debug.xcconfig"; path = "Target Support Files/Pods-Instagram/Pods-Instagram.debug.xcconfig"; sourceTree = "<group>"; };
		ACFB6074E7E94797702DF4CC /* Pods-Instagram.release.xcconfig */ = {isa = PBXFileReference; includeInIndex = 1; lastKnownFileType = text.xcconfig; name = "Pods-Instagram.release.xcconfig"; path = "Target Support Files/Pods-Instagram/Pods-Instagram.release.xcconfig"; sourceTree = "<group>"; };
		CE8F249D23DD1E1D00149307 /* Instagram.app */ = {isa = PBXFileReference; explicitFileType = wrapper.application; includeInIndex = 0; path = Instagram.app; sourceTree = BUILT_PRODUCTS_DIR; };
		CE8F24A023DD1E1E00149307 /* AppDelegate.swift */ = {isa = PBXFileReference; lastKnownFileType = sourcecode.swift; path = AppDelegate.swift; sourceTree = "<group>"; };
		CE8F24A223DD1E1E00149307 /* SceneDelegate.swift */ = {isa = PBXFileReference; lastKnownFileType = sourcecode.swift; path = SceneDelegate.swift; sourceTree = "<group>"; };
		CE8F24A723DD1E1E00149307 /* Base */ = {isa = PBXFileReference; lastKnownFileType = file.storyboard; name = Base; path = Base.lproj/Main.storyboard; sourceTree = "<group>"; };
		CE8F24A923DD1E2300149307 /* Assets.xcassets */ = {isa = PBXFileReference; lastKnownFileType = folder.assetcatalog; path = Assets.xcassets; sourceTree = "<group>"; };
		CE8F24AC23DD1E2300149307 /* Base */ = {isa = PBXFileReference; lastKnownFileType = file.storyboard; name = Base; path = Base.lproj/LaunchScreen.storyboard; sourceTree = "<group>"; };
		CE8F24AE23DD1E2300149307 /* Info.plist */ = {isa = PBXFileReference; lastKnownFileType = text.plist.xml; path = Info.plist; sourceTree = "<group>"; };
		CE8F24B423DD1EF700149307 /* LoginViewController.swift */ = {isa = PBXFileReference; lastKnownFileType = sourcecode.swift; path = LoginViewController.swift; sourceTree = "<group>"; };
		CE8F24B623DD1F0F00149307 /* HomeViewController.swift */ = {isa = PBXFileReference; lastKnownFileType = sourcecode.swift; path = HomeViewController.swift; sourceTree = "<group>"; };
		CE8F24B823DD1F2600149307 /* ImageSelectViewController.swift */ = {isa = PBXFileReference; lastKnownFileType = sourcecode.swift; path = ImageSelectViewController.swift; sourceTree = "<group>"; };
		CE8F24BA23DD1F3C00149307 /* PostViewController.swift */ = {isa = PBXFileReference; lastKnownFileType = sourcecode.swift; path = PostViewController.swift; sourceTree = "<group>"; };
		CE8F24BC23DD1F4C00149307 /* SettingViewController.swift */ = {isa = PBXFileReference; lastKnownFileType = sourcecode.swift; path = SettingViewController.swift; sourceTree = "<group>"; };
		CE8F24BE23DD27A600149307 /* TabBarController.swift */ = {isa = PBXFileReference; lastKnownFileType = sourcecode.swift; path = TabBarController.swift; sourceTree = "<group>"; };
		CE8F24C023DD2D5F00149307 /* GoogleService-Info.plist */ = {isa = PBXFileReference; fileEncoding = 4; lastKnownFileType = text.plist.xml; path = "GoogleService-Info.plist"; sourceTree = "<group>"; };
/* End PBXFileReference section */

/* Begin PBXFrameworksBuildPhase section */
		CE8F249A23DD1E1D00149307 /* Frameworks */ = {
			isa = PBXFrameworksBuildPhase;
			buildActionMask = 2147483647;
			files = (
				7764AAF5975910ED28277D2E /* Pods_Instagram.framework in Frameworks */,
			);
			runOnlyForDeploymentPostprocessing = 0;
		};
/* End PBXFrameworksBuildPhase section */

/* Begin PBXGroup section */
		69241982E4DDDF8777EB870F /* Frameworks */ = {
			isa = PBXGroup;
			children = (
				0E842AF13BB06170C9D5F285 /* Pods_Instagram.framework */,
			);
			name = Frameworks;
			sourceTree = "<group>";
		};
		A501E27BA77FCD02DD01C803 /* Pods */ = {
			isa = PBXGroup;
			children = (
				83E4FA149F749E7F98CD9F6B /* Pods-Instagram.debug.xcconfig */,
				ACFB6074E7E94797702DF4CC /* Pods-Instagram.release.xcconfig */,
			);
			path = Pods;
			sourceTree = "<group>";
		};
		CE8F249423DD1E1D00149307 = {
			isa = PBXGroup;
			children = (
				CE8F249F23DD1E1E00149307 /* Instagram */,
				CE8F249E23DD1E1D00149307 /* Products */,
				A501E27BA77FCD02DD01C803 /* Pods */,
				69241982E4DDDF8777EB870F /* Frameworks */,
			);
			sourceTree = "<group>";
		};
		CE8F249E23DD1E1D00149307 /* Products */ = {
			isa = PBXGroup;
			children = (
				CE8F249D23DD1E1D00149307 /* Instagram.app */,
			);
			name = Products;
			sourceTree = "<group>";
		};
		CE8F249F23DD1E1E00149307 /* Instagram */ = {
			isa = PBXGroup;
			children = (
				CE8F24A023DD1E1E00149307 /* AppDelegate.swift */,
				CE8F24A223DD1E1E00149307 /* SceneDelegate.swift */,
				CE8F24B823DD1F2600149307 /* ImageSelectViewController.swift */,
				CE8F24BE23DD27A600149307 /* TabBarController.swift */,
				CE8F24BC23DD1F4C00149307 /* SettingViewController.swift */,
				CE8F24BA23DD1F3C00149307 /* PostViewController.swift */,
				CE8F24B623DD1F0F00149307 /* HomeViewController.swift */,
				CE8F24B423DD1EF700149307 /* LoginViewController.swift */,
				CE8F24A623DD1E1E00149307 /* Main.storyboard */,
				CE8F24A923DD1E2300149307 /* Assets.xcassets */,
				CE8F24AB23DD1E2300149307 /* LaunchScreen.storyboard */,
				CE8F24AE23DD1E2300149307 /* Info.plist */,
				CE8F24C023DD2D5F00149307 /* GoogleService-Info.plist */,
			);
			path = Instagram;
			sourceTree = "<group>";
		};
/* End PBXGroup section */

/* Begin PBXNativeTarget section */
		CE8F249C23DD1E1D00149307 /* Instagram */ = {
			isa = PBXNativeTarget;
			buildConfigurationList = CE8F24B123DD1E2300149307 /* Build configuration list for PBXNativeTarget "Instagram" */;
			buildPhases = (
				D0333060B130370EDD1A19FD /* [CP] Check Pods Manifest.lock */,
				CE8F249923DD1E1D00149307 /* Sources */,
				CE8F249A23DD1E1D00149307 /* Frameworks */,
				CE8F249B23DD1E1D00149307 /* Resources */,
				3768EBCB6E6C44CF36635480 /* [CP] Embed Pods Frameworks */,
			);
			buildRules = (
			);
			dependencies = (
			);
			name = Instagram;
			productName = Instagram;
			productReference = CE8F249D23DD1E1D00149307 /* Instagram.app */;
			productType = "com.apple.product-type.application";
		};
/* End PBXNativeTarget section */

/* Begin PBXProject section */
		CE8F249523DD1E1D00149307 /* Project object */ = {
			isa = PBXProject;
			attributes = {
				LastSwiftUpdateCheck = 1110;
				LastUpgradeCheck = 1110;
				ORGANIZATIONNAME = katuya.kanatani;
				TargetAttributes = {
					CE8F249C23DD1E1D00149307 = {
						CreatedOnToolsVersion = 11.1;
					};
				};
			};
			buildConfigurationList = CE8F249823DD1E1D00149307 /* Build configuration list for PBXProject "Instagram" */;
			compatibilityVersion = "Xcode 9.3";
			developmentRegion = en;
			hasScannedForEncodings = 0;
			knownRegions = (
				en,
				Base,
			);
			mainGroup = CE8F249423DD1E1D00149307;
			productRefGroup = CE8F249E23DD1E1D00149307 /* Products */;
			projectDirPath = "";
			projectRoot = "";
			targets = (
				CE8F249C23DD1E1D00149307 /* Instagram */,
			);
		};
/* End PBXProject section */

/* Begin PBXResourcesBuildPhase section */
		CE8F249B23DD1E1D00149307 /* Resources */ = {
			isa = PBXResourcesBuildPhase;
			buildActionMask = 2147483647;
			files = (
				CE8F24AD23DD1E2300149307 /* LaunchScreen.storyboard in Resources */,
				CE8F24C123DD2D5F00149307 /* GoogleService-Info.plist in Resources */,
				CE8F24AA23DD1E2300149307 /* Assets.xcassets in Resources */,
				CE8F24A823DD1E1E00149307 /* Main.storyboard in Resources */,
			);
			runOnlyForDeploymentPostprocessing = 0;
		};
/* End PBXResourcesBuildPhase section */

/* Begin PBXShellScriptBuildPhase section */
		3768EBCB6E6C44CF36635480 /* [CP] Embed Pods Frameworks */ = {
			isa = PBXShellScriptBuildPhase;
			buildActionMask = 2147483647;
			files = (
			);
			inputFileListPaths = (
				"${PODS_ROOT}/Target Support Files/Pods-Instagram/Pods-Instagram-frameworks-${CONFIGURATION}-input-files.xcfilelist",
			);
			name = "[CP] Embed Pods Frameworks";
			outputFileListPaths = (
				"${PODS_ROOT}/Target Support Files/Pods-Instagram/Pods-Instagram-frameworks-${CONFIGURATION}-output-files.xcfilelist",
			);
			runOnlyForDeploymentPostprocessing = 0;
			shellPath = /bin/sh;
			shellScript = "\"${PODS_ROOT}/Target Support Files/Pods-Instagram/Pods-Instagram-frameworks.sh\"\n";
			showEnvVarsInLog = 0;
		};
		D0333060B130370EDD1A19FD /* [CP] Check Pods Manifest.lock */ = {
			isa = PBXShellScriptBuildPhase;
			buildActionMask = 2147483647;
			files = (
			);
			inputFileListPaths = (
			);
			inputPaths = (
				"${PODS_PODFILE_DIR_PATH}/Podfile.lock",
				"${PODS_ROOT}/Manifest.lock",
			);
			name = "[CP] Check Pods Manifest.lock";
			outputFileListPaths = (
			);
			outputPaths = (
				"$(DERIVED_FILE_DIR)/Pods-Instagram-checkManifestLockResult.txt",
			);
			runOnlyForDeploymentPostprocessing = 0;
			shellPath = /bin/sh;
			shellScript = "diff \"${PODS_PODFILE_DIR_PATH}/Podfile.lock\" \"${PODS_ROOT}/Manifest.lock\" > /dev/null\nif [ $? != 0 ] ; then\n    # print error to STDERR\n    echo \"error: The sandbox is not in sync with the Podfile.lock. Run 'pod install' or update your CocoaPods installation.\" >&2\n    exit 1\nfi\n# This output is used by Xcode 'outputs' to avoid re-running this script phase.\necho \"SUCCESS\" > \"${SCRIPT_OUTPUT_FILE_0}\"\n";
			showEnvVarsInLog = 0;
		};
/* End PBXShellScriptBuildPhase section */

/* Begin PBXSourcesBuildPhase section */
		CE8F249923DD1E1D00149307 /* Sources */ = {
			isa = PBXSourcesBuildPhase;
			buildActionMask = 2147483647;
			files = (
				CE8F24B923DD1F2600149307 /* ImageSelectViewController.swift in Sources */,
				CE8F24BF23DD27A600149307 /* TabBarController.swift in Sources */,
				CE8F24B723DD1F0F00149307 /* HomeViewController.swift in Sources */,
				CE8F24BB23DD1F3C00149307 /* PostViewController.swift in Sources */,
				CE8F24BD23DD1F4C00149307 /* SettingViewController.swift in Sources */,
				CE8F24B523DD1EF700149307 /* LoginViewController.swift in Sources */,
				CE8F24A123DD1E1E00149307 /* AppDelegate.swift in Sources */,
				CE8F24A323DD1E1E00149307 /* SceneDelegate.swift in Sources */,
			);
			runOnlyForDeploymentPostprocessing = 0;
		};
/* End PBXSourcesBuildPhase section */

/* Begin PBXVariantGroup section */
		CE8F24A623DD1E1E00149307 /* Main.storyboard */ = {
			isa = PBXVariantGroup;
			children = (
				CE8F24A723DD1E1E00149307 /* Base */,
			);
			name = Main.storyboard;
			sourceTree = "<group>";
		};
		CE8F24AB23DD1E2300149307 /* LaunchScreen.storyboard */ = {
			isa = PBXVariantGroup;
			children = (
				CE8F24AC23DD1E2300149307 /* Base */,
			);
			name = LaunchScreen.storyboard;
			sourceTree = "<group>";
		};
/* End PBXVariantGroup section */

/* Begin XCBuildConfiguration section */
		CE8F24AF23DD1E2300149307 /* Debug */ = {
			isa = XCBuildConfiguration;
			buildSettings = {
				ALWAYS_SEARCH_USER_PATHS = NO;
				CLANG_ANALYZER_NONNULL = YES;
				CLANG_ANALYZER_NUMBER_OBJECT_CONVERSION = YES_AGGRESSIVE;
				CLANG_CXX_LANGUAGE_STANDARD = "gnu++14";
				CLANG_CXX_LIBRARY = "libc++";
				CLANG_ENABLE_MODULES = YES;
				CLANG_ENABLE_OBJC_ARC = YES;
				CLANG_ENABLE_OBJC_WEAK = YES;
				CLANG_WARN_BLOCK_CAPTURE_AUTORELEASING = YES;
				CLANG_WARN_BOOL_CONVERSION = YES;
				CLANG_WARN_COMMA = YES;
				CLANG_WARN_CONSTANT_CONVERSION = YES;
				CLANG_WARN_DEPRECATED_OBJC_IMPLEMENTATIONS = YES;
				CLANG_WARN_DIRECT_OBJC_ISA_USAGE = YES_ERROR;
				CLANG_WARN_DOCUMENTATION_COMMENTS = YES;
				CLANG_WARN_EMPTY_BODY = YES;
				CLANG_WARN_ENUM_CONVERSION = YES;
				CLANG_WARN_INFINITE_RECURSION = YES;
				CLANG_WARN_INT_CONVERSION = YES;
				CLANG_WARN_NON_LITERAL_NULL_CONVERSION = YES;
				CLANG_WARN_OBJC_IMPLICIT_RETAIN_SELF = YES;
				CLANG_WARN_OBJC_LITERAL_CONVERSION = YES;
				CLANG_WARN_OBJC_ROOT_CLASS = YES_ERROR;
				CLANG_WARN_RANGE_LOOP_ANALYSIS = YES;
				CLANG_WARN_STRICT_PROTOTYPES = YES;
				CLANG_WARN_SUSPICIOUS_MOVE = YES;
				CLANG_WARN_UNGUARDED_AVAILABILITY = YES_AGGRESSIVE;
				CLANG_WARN_UNREACHABLE_CODE = YES;
				CLANG_WARN__DUPLICATE_METHOD_MATCH = YES;
				COPY_PHASE_STRIP = NO;
				DEBUG_INFORMATION_FORMAT = dwarf;
				ENABLE_STRICT_OBJC_MSGSEND = YES;
				ENABLE_TESTABILITY = YES;
				GCC_C_LANGUAGE_STANDARD = gnu11;
				GCC_DYNAMIC_NO_PIC = NO;
				GCC_NO_COMMON_BLOCKS = YES;
				GCC_OPTIMIZATION_LEVEL = 0;
				GCC_PREPROCESSOR_DEFINITIONS = (
					"DEBUG=1",
					"$(inherited)",
				);
				GCC_WARN_64_TO_32_BIT_CONVERSION = YES;
				GCC_WARN_ABOUT_RETURN_TYPE = YES_ERROR;
				GCC_WARN_UNDECLARED_SELECTOR = YES;
				GCC_WARN_UNINITIALIZED_AUTOS = YES_AGGRESSIVE;
				GCC_WARN_UNUSED_FUNCTION = YES;
				GCC_WARN_UNUSED_VARIABLE = YES;
				IPHONEOS_DEPLOYMENT_TARGET = 13.1;
				MTL_ENABLE_DEBUG_INFO = INCLUDE_SOURCE;
				MTL_FAST_MATH = YES;
				ONLY_ACTIVE_ARCH = YES;
				SDKROOT = iphoneos;
				SWIFT_ACTIVE_COMPILATION_CONDITIONS = DEBUG;
				SWIFT_OPTIMIZATION_LEVEL = "-Onone";
			};
			name = Debug;
		};
		CE8F24B023DD1E2300149307 /* Release */ = {
			isa = XCBuildConfiguration;
			buildSettings = {
				ALWAYS_SEARCH_USER_PATHS = NO;
				CLANG_ANALYZER_NONNULL = YES;
				CLANG_ANALYZER_NUMBER_OBJECT_CONVERSION = YES_AGGRESSIVE;
				CLANG_CXX_LANGUAGE_STANDARD = "gnu++14";
				CLANG_CXX_LIBRARY = "libc++";
				CLANG_ENABLE_MODULES = YES;
				CLANG_ENABLE_OBJC_ARC = YES;
				CLANG_ENABLE_OBJC_WEAK = YES;
				CLANG_WARN_BLOCK_CAPTURE_AUTORELEASING = YES;
				CLANG_WARN_BOOL_CONVERSION = YES;
				CLANG_WARN_COMMA = YES;
				CLANG_WARN_CONSTANT_CONVERSION = YES;
				CLANG_WARN_DEPRECATED_OBJC_IMPLEMENTATIONS = YES;
				CLANG_WARN_DIRECT_OBJC_ISA_USAGE = YES_ERROR;
				CLANG_WARN_DOCUMENTATION_COMMENTS = YES;
				CLANG_WARN_EMPTY_BODY = YES;
				CLANG_WARN_ENUM_CONVERSION = YES;
				CLANG_WARN_INFINITE_RECURSION = YES;
				CLANG_WARN_INT_CONVERSION = YES;
				CLANG_WARN_NON_LITERAL_NULL_CONVERSION = YES;
				CLANG_WARN_OBJC_IMPLICIT_RETAIN_SELF = YES;
				CLANG_WARN_OBJC_LITERAL_CONVERSION = YES;
				CLANG_WARN_OBJC_ROOT_CLASS = YES_ERROR;
				CLANG_WARN_RANGE_LOOP_ANALYSIS = YES;
				CLANG_WARN_STRICT_PROTOTYPES = YES;
				CLANG_WARN_SUSPICIOUS_MOVE = YES;
				CLANG_WARN_UNGUARDED_AVAILABILITY = YES_AGGRESSIVE;
				CLANG_WARN_UNREACHABLE_CODE = YES;
				CLANG_WARN__DUPLICATE_METHOD_MATCH = YES;
				COPY_PHASE_STRIP = NO;
				DEBUG_INFORMATION_FORMAT = "dwarf-with-dsym";
				ENABLE_NS_ASSERTIONS = NO;
				ENABLE_STRICT_OBJC_MSGSEND = YES;
				GCC_C_LANGUAGE_STANDARD = gnu11;
				GCC_NO_COMMON_BLOCKS = YES;
				GCC_WARN_64_TO_32_BIT_CONVERSION = YES;
				GCC_WARN_ABOUT_RETURN_TYPE = YES_ERROR;
				GCC_WARN_UNDECLARED_SELECTOR = YES;
				GCC_WARN_UNINITIALIZED_AUTOS = YES_AGGRESSIVE;
				GCC_WARN_UNUSED_FUNCTION = YES;
				GCC_WARN_UNUSED_VARIABLE = YES;
				IPHONEOS_DEPLOYMENT_TARGET = 13.1;
				MTL_ENABLE_DEBUG_INFO = NO;
				MTL_FAST_MATH = YES;
				SDKROOT = iphoneos;
				SWIFT_COMPILATION_MODE = wholemodule;
				SWIFT_OPTIMIZATION_LEVEL = "-O";
				VALIDATE_PRODUCT = YES;
			};
			name = Release;
		};
		CE8F24B223DD1E2300149307 /* Debug */ = {
			isa = XCBuildConfiguration;
			baseConfigurationReference = 83E4FA149F749E7F98CD9F6B /* Pods-Instagram.debug.xcconfig */;
			buildSettings = {
				ASSETCATALOG_COMPILER_APPICON_NAME = AppIcon;
				CODE_SIGN_STYLE = Automatic;
				DEVELOPMENT_TEAM = 7X78WD9QJQ;
				INFOPLIST_FILE = Instagram/Info.plist;
				LD_RUNPATH_SEARCH_PATHS = (
					"$(inherited)",
					"@executable_path/Frameworks",
				);
				PRODUCT_BUNDLE_IDENTIFIER = jp.techacademy.masahiro.kanatani.Instagram;
				PRODUCT_NAME = "$(TARGET_NAME)";
				SWIFT_VERSION = 5.0;
				TARGETED_DEVICE_FAMILY = 1;
			};
			name = Debug;
		};
		CE8F24B323DD1E2300149307 /* Release */ = {
			isa = XCBuildConfiguration;
			baseConfigurationReference = ACFB6074E7E94797702DF4CC /* Pods-Instagram.release.xcconfig */;
			buildSettings = {
				ASSETCATALOG_COMPILER_APPICON_NAME = AppIcon;
				CODE_SIGN_STYLE = Automatic;
				DEVELOPMENT_TEAM = 7X78WD9QJQ;
				INFOPLIST_FILE = Instagram/Info.plist;
				LD_RUNPATH_SEARCH_PATHS = (
					"$(inherited)",
					"@executable_path/Frameworks",
				);
				PRODUCT_BUNDLE_IDENTIFIER = jp.techacademy.masahiro.kanatani.Instagram;
				PRODUCT_NAME = "$(TARGET_NAME)";
				SWIFT_VERSION = 5.0;
				TARGETED_DEVICE_FAMILY = 1;
			};
			name = Release;
		};
/* End XCBuildConfiguration section */

/* Begin XCConfigurationList section */
		CE8F249823DD1E1D00149307 /* Build configuration list for PBXProject "Instagram" */ = {
			isa = XCConfigurationList;
			buildConfigurations = (
				CE8F24AF23DD1E2300149307 /* Debug */,
				CE8F24B023DD1E2300149307 /* Release */,
			);
			defaultConfigurationIsVisible = 0;
			defaultConfigurationName = Release;
		};
		CE8F24B123DD1E2300149307 /* Build configuration list for PBXNativeTarget "Instagram" */ = {
			isa = XCConfigurationList;
			buildConfigurations = (
				CE8F24B223DD1E2300149307 /* Debug */,
				CE8F24B323DD1E2300149307 /* Release */,
			);
			defaultConfigurationIsVisible = 0;
			defaultConfigurationName = Release;
		};
/* End XCConfigurationList section */
	};
	rootObject = CE8F249523DD1E1D00149307 /* Project object */;
}
